// !$*UTF8*$!
{
	archiveVersion = 1;
	classes = {
	};
	objectVersion = 56;
	objects = {

/* Begin PBXBuildFile section */
		277CBEA129B6B8A800AC1200 /* AppDelegate.swift in Sources */ = {isa = PBXBuildFile; fileRef = 277CBEA029B6B8A800AC1200 /* AppDelegate.swift */; };
		277CBEA329B6B8A800AC1200 /* SceneDelegate.swift in Sources */ = {isa = PBXBuildFile; fileRef = 277CBEA229B6B8A800AC1200 /* SceneDelegate.swift */; };
		277CBEA529B6B8A800AC1200 /* ReminderListViewController.swift in Sources */ = {isa = PBXBuildFile; fileRef = 277CBEA429B6B8A800AC1200 /* ReminderListViewController.swift */; };
		277CBEA829B6B8A800AC1200 /* Main.storyboard in Resources */ = {isa = PBXBuildFile; fileRef = 277CBEA629B6B8A800AC1200 /* Main.storyboard */; };
		277CBEAA29B6B8A900AC1200 /* Assets.xcassets in Resources */ = {isa = PBXBuildFile; fileRef = 277CBEA929B6B8A900AC1200 /* Assets.xcassets */; };
		277CBEAD29B6B8A900AC1200 /* LaunchScreen.storyboard in Resources */ = {isa = PBXBuildFile; fileRef = 277CBEAB29B6B8A900AC1200 /* LaunchScreen.storyboard */; };
		277CBEB629B6B9E500AC1200 /* Reminder.swift in Sources */ = {isa = PBXBuildFile; fileRef = 277CBEB529B6B9E500AC1200 /* Reminder.swift */; };
		277CBEB829B6CB4200AC1200 /* Date+Today.swift in Sources */ = {isa = PBXBuildFile; fileRef = 277CBEB729B6CB4200AC1200 /* Date+Today.swift */; };
		277CBEBB29B6CEA800AC1200 /* ReminderListViewController+DataSource.swift in Sources */ = {isa = PBXBuildFile; fileRef = 277CBEBA29B6CEA800AC1200 /* ReminderListViewController+DataSource.swift */; };
		277CBEBE29B6DA3400AC1200 /* UIColor+Today.swift in Sources */ = {isa = PBXBuildFile; fileRef = 277CBEBD29B6DA3400AC1200 /* UIColor+Today.swift */; };
		277CBEC029B6F88900AC1200 /* ReminderDoneButton.swift in Sources */ = {isa = PBXBuildFile; fileRef = 277CBEBF29B6F88900AC1200 /* ReminderDoneButton.swift */; };
		278E435929BAD222007AB869 /* CAGradientLayer+ListStyle.swift in Sources */ = {isa = PBXBuildFile; fileRef = 278E435829BAD222007AB869 /* CAGradientLayer+ListStyle.swift */; };
		278E435B29BAE7BC007AB869 /* TodayError.swift in Sources */ = {isa = PBXBuildFile; fileRef = 278E435A29BAE7BC007AB869 /* TodayError.swift */; };
		278E435D29BAE838007AB869 /* EKEventStore+AsyncFetch.swift in Sources */ = {isa = PBXBuildFile; fileRef = 278E435C29BAE838007AB869 /* EKEventStore+AsyncFetch.swift */; };
		278E435F29BAF43F007AB869 /* Reminder+EKReminder.swift in Sources */ = {isa = PBXBuildFile; fileRef = 278E435E29BAF43F007AB869 /* Reminder+EKReminder.swift */; };
		278E436129BAF512007AB869 /* ReminderStore.swift in Sources */ = {isa = PBXBuildFile; fileRef = 278E436029BAF512007AB869 /* ReminderStore.swift */; };
		2794ABA229B80FA800254466 /* ReminderListViewController+Actions.swift in Sources */ = {isa = PBXBuildFile; fileRef = 2794ABA129B80FA800254466 /* ReminderListViewController+Actions.swift */; };
		2794ABA429B8283A00254466 /* ReminderViewController.swift in Sources */ = {isa = PBXBuildFile; fileRef = 2794ABA329B8283A00254466 /* ReminderViewController.swift */; };
		2794ABA729B829F200254466 /* ReminderViewController+Row.swift in Sources */ = {isa = PBXBuildFile; fileRef = 2794ABA629B829F200254466 /* ReminderViewController+Row.swift */; };
		2794ABAA29B8574800254466 /* ReminderViewController+Section.swift in Sources */ = {isa = PBXBuildFile; fileRef = 2794ABA929B8574800254466 /* ReminderViewController+Section.swift */; };
		2794ABAC29B95F5100254466 /* ReminderViewController+CellConfiguration.swift in Sources */ = {isa = PBXBuildFile; fileRef = 2794ABAB29B95F5100254466 /* ReminderViewController+CellConfiguration.swift */; };
		2794ABAF29B9642F00254466 /* UIView+PinnedSubView.swift in Sources */ = {isa = PBXBuildFile; fileRef = 2794ABAE29B9642F00254466 /* UIView+PinnedSubView.swift */; };
		2794ABB129B9663D00254466 /* TextFieldContentView.swift in Sources */ = {isa = PBXBuildFile; fileRef = 2794ABB029B9663D00254466 /* TextFieldContentView.swift */; };
		2794ABB329B967B400254466 /* UIContentConfiguration+Stateless.swift in Sources */ = {isa = PBXBuildFile; fileRef = 2794ABB229B967B400254466 /* UIContentConfiguration+Stateless.swift */; };
		2794ABB529B96C3600254466 /* TextViewContentView.swift in Sources */ = {isa = PBXBuildFile; fileRef = 2794ABB429B96C3600254466 /* TextViewContentView.swift */; };
		2794ABB729B96ED600254466 /* DatePickerContentView.swift in Sources */ = {isa = PBXBuildFile; fileRef = 2794ABB629B96ED600254466 /* DatePickerContentView.swift */; };
		2794ABB929B9CDC900254466 /* ReminderListStyle.swift in Sources */ = {isa = PBXBuildFile; fileRef = 2794ABB829B9CDC900254466 /* ReminderListStyle.swift */; };
		2794ABBB29BAB7FB00254466 /* ProgressHeaderView.swift in Sources */ = {isa = PBXBuildFile; fileRef = 2794ABBA29BAB7FB00254466 /* ProgressHeaderView.swift */; };
/* End PBXBuildFile section */

/* Begin PBXFileReference section */
		277CBE9D29B6B8A800AC1200 /* Today.app */ = {isa = PBXFileReference; explicitFileType = wrapper.application; includeInIndex = 0; path = Today.app; sourceTree = BUILT_PRODUCTS_DIR; };
		277CBEA029B6B8A800AC1200 /* AppDelegate.swift */ = {isa = PBXFileReference; lastKnownFileType = sourcecode.swift; path = AppDelegate.swift; sourceTree = "<group>"; };
		277CBEA229B6B8A800AC1200 /* SceneDelegate.swift */ = {isa = PBXFileReference; lastKnownFileType = sourcecode.swift; path = SceneDelegate.swift; sourceTree = "<group>"; };
		277CBEA429B6B8A800AC1200 /* ReminderListViewController.swift */ = {isa = PBXFileReference; lastKnownFileType = sourcecode.swift; path = ReminderListViewController.swift; sourceTree = "<group>"; };
		277CBEA729B6B8A800AC1200 /* Base */ = {isa = PBXFileReference; lastKnownFileType = file.storyboard; name = Base; path = Base.lproj/Main.storyboard; sourceTree = "<group>"; };
		277CBEA929B6B8A900AC1200 /* Assets.xcassets */ = {isa = PBXFileReference; lastKnownFileType = folder.assetcatalog; path = Assets.xcassets; sourceTree = "<group>"; };
		277CBEAC29B6B8A900AC1200 /* Base */ = {isa = PBXFileReference; lastKnownFileType = file.storyboard; name = Base; path = Base.lproj/LaunchScreen.storyboard; sourceTree = "<group>"; };
		277CBEAE29B6B8A900AC1200 /* Info.plist */ = {isa = PBXFileReference; lastKnownFileType = text.plist.xml; path = Info.plist; sourceTree = "<group>"; };
		277CBEB529B6B9E500AC1200 /* Reminder.swift */ = {isa = PBXFileReference; lastKnownFileType = sourcecode.swift; path = Reminder.swift; sourceTree = "<group>"; };
		277CBEB729B6CB4200AC1200 /* Date+Today.swift */ = {isa = PBXFileReference; lastKnownFileType = sourcecode.swift; path = "Date+Today.swift"; sourceTree = "<group>"; };
		277CBEBA29B6CEA800AC1200 /* ReminderListViewController+DataSource.swift */ = {isa = PBXFileReference; lastKnownFileType = sourcecode.swift; path = "ReminderListViewController+DataSource.swift"; sourceTree = "<group>"; };
		277CBEBD29B6DA3400AC1200 /* UIColor+Today.swift */ = {isa = PBXFileReference; lastKnownFileType = sourcecode.swift; path = "UIColor+Today.swift"; sourceTree = "<group>"; };
		277CBEBF29B6F88900AC1200 /* ReminderDoneButton.swift */ = {isa = PBXFileReference; lastKnownFileType = sourcecode.swift; path = ReminderDoneButton.swift; sourceTree = "<group>"; };
		278E435829BAD222007AB869 /* CAGradientLayer+ListStyle.swift */ = {isa = PBXFileReference; lastKnownFileType = sourcecode.swift; path = "CAGradientLayer+ListStyle.swift"; sourceTree = "<group>"; };
		278E435A29BAE7BC007AB869 /* TodayError.swift */ = {isa = PBXFileReference; lastKnownFileType = sourcecode.swift; path = TodayError.swift; sourceTree = "<group>"; };
		278E435C29BAE838007AB869 /* EKEventStore+AsyncFetch.swift */ = {isa = PBXFileReference; lastKnownFileType = sourcecode.swift; path = "EKEventStore+AsyncFetch.swift"; sourceTree = "<group>"; };
		278E435E29BAF43F007AB869 /* Reminder+EKReminder.swift */ = {isa = PBXFileReference; lastKnownFileType = sourcecode.swift; path = "Reminder+EKReminder.swift"; sourceTree = "<group>"; };
		278E436029BAF512007AB869 /* ReminderStore.swift */ = {isa = PBXFileReference; lastKnownFileType = sourcecode.swift; path = ReminderStore.swift; sourceTree = "<group>"; };
		2794ABA129B80FA800254466 /* ReminderListViewController+Actions.swift */ = {isa = PBXFileReference; lastKnownFileType = sourcecode.swift; path = "ReminderListViewController+Actions.swift"; sourceTree = "<group>"; };
		2794ABA329B8283A00254466 /* ReminderViewController.swift */ = {isa = PBXFileReference; lastKnownFileType = sourcecode.swift; path = ReminderViewController.swift; sourceTree = "<group>"; };
		2794ABA629B829F200254466 /* ReminderViewController+Row.swift */ = {isa = PBXFileReference; lastKnownFileType = sourcecode.swift; path = "ReminderViewController+Row.swift"; sourceTree = "<group>"; };
		2794ABA929B8574800254466 /* ReminderViewController+Section.swift */ = {isa = PBXFileReference; lastKnownFileType = sourcecode.swift; path = "ReminderViewController+Section.swift"; sourceTree = "<group>"; };
		2794ABAB29B95F5100254466 /* ReminderViewController+CellConfiguration.swift */ = {isa = PBXFileReference; lastKnownFileType = sourcecode.swift; path = "ReminderViewController+CellConfiguration.swift"; sourceTree = "<group>"; };
		2794ABAE29B9642F00254466 /* UIView+PinnedSubView.swift */ = {isa = PBXFileReference; lastKnownFileType = sourcecode.swift; path = "UIView+PinnedSubView.swift"; sourceTree = "<group>"; };
		2794ABB029B9663D00254466 /* TextFieldContentView.swift */ = {isa = PBXFileReference; lastKnownFileType = sourcecode.swift; path = TextFieldContentView.swift; sourceTree = "<group>"; };
		2794ABB229B967B400254466 /* UIContentConfiguration+Stateless.swift */ = {isa = PBXFileReference; lastKnownFileType = sourcecode.swift; path = "UIContentConfiguration+Stateless.swift"; sourceTree = "<group>"; };
		2794ABB429B96C3600254466 /* TextViewContentView.swift */ = {isa = PBXFileReference; lastKnownFileType = sourcecode.swift; path = TextViewContentView.swift; sourceTree = "<group>"; };
		2794ABB629B96ED600254466 /* DatePickerContentView.swift */ = {isa = PBXFileReference; lastKnownFileType = sourcecode.swift; path = DatePickerContentView.swift; sourceTree = "<group>"; };
		2794ABB829B9CDC900254466 /* ReminderListStyle.swift */ = {isa = PBXFileReference; lastKnownFileType = sourcecode.swift; path = ReminderListStyle.swift; sourceTree = "<group>"; };
		2794ABBA29BAB7FB00254466 /* ProgressHeaderView.swift */ = {isa = PBXFileReference; lastKnownFileType = sourcecode.swift; path = ProgressHeaderView.swift; sourceTree = "<group>"; };
/* End PBXFileReference section */

/* Begin PBXFrameworksBuildPhase section */
		277CBE9A29B6B8A800AC1200 /* Frameworks */ = {
			isa = PBXFrameworksBuildPhase;
			buildActionMask = 2147483647;
			files = (
			);
			runOnlyForDeploymentPostprocessing = 0;
		};
/* End PBXFrameworksBuildPhase section */

/* Begin PBXGroup section */
		277CBE9429B6B8A800AC1200 = {
			isa = PBXGroup;
			children = (
				277CBE9F29B6B8A800AC1200 /* Today */,
				277CBE9E29B6B8A800AC1200 /* Products */,
			);
			sourceTree = "<group>";
		};
		277CBE9E29B6B8A800AC1200 /* Products */ = {
			isa = PBXGroup;
			children = (
				277CBE9D29B6B8A800AC1200 /* Today.app */,
			);
			name = Products;
			sourceTree = "<group>";
		};
		277CBE9F29B6B8A800AC1200 /* Today */ = {
			isa = PBXGroup;
			children = (
				277CBEA029B6B8A800AC1200 /* AppDelegate.swift */,
				277CBEA229B6B8A800AC1200 /* SceneDelegate.swift */,
				277CBEB429B6B9AD00AC1200 /* Models */,
				277CBEB929B6CE5900AC1200 /* ListViewController */,
				2794ABA529B829B600254466 /* DetailViewController */,
				2794ABAD29B963ED00254466 /* ContentViews */,
				277CBEA629B6B8A800AC1200 /* Main.storyboard */,
				277CBEA929B6B8A900AC1200 /* Assets.xcassets */,
				277CBEAB29B6B8A900AC1200 /* LaunchScreen.storyboard */,
				277CBEAE29B6B8A900AC1200 /* Info.plist */,
			);
			path = Today;
			sourceTree = "<group>";
		};
		277CBEB429B6B9AD00AC1200 /* Models */ = {
			isa = PBXGroup;
			children = (
				277CBEB529B6B9E500AC1200 /* Reminder.swift */,
				278E435A29BAE7BC007AB869 /* TodayError.swift */,
				278E435C29BAE838007AB869 /* EKEventStore+AsyncFetch.swift */,
				278E435E29BAF43F007AB869 /* Reminder+EKReminder.swift */,
				278E436029BAF512007AB869 /* ReminderStore.swift */,
				278E435829BAD222007AB869 /* CAGradientLayer+ListStyle.swift */,
				277CBEB729B6CB4200AC1200 /* Date+Today.swift */,
				277CBEBD29B6DA3400AC1200 /* UIColor+Today.swift */,
				2794ABB829B9CDC900254466 /* ReminderListStyle.swift */,
			);
			path = Models;
			sourceTree = "<group>";
		};
		277CBEB929B6CE5900AC1200 /* ListViewController */ = {
			isa = PBXGroup;
			children = (
				277CBEA429B6B8A800AC1200 /* ReminderListViewController.swift */,
				277CBEBF29B6F88900AC1200 /* ReminderDoneButton.swift */,
				277CBEBA29B6CEA800AC1200 /* ReminderListViewController+DataSource.swift */,
				2794ABA129B80FA800254466 /* ReminderListViewController+Actions.swift */,
				2794ABBA29BAB7FB00254466 /* ProgressHeaderView.swift */,
			);
			path = ListViewController;
			sourceTree = "<group>";
		};
		2794ABA529B829B600254466 /* DetailViewController */ = {
			isa = PBXGroup;
			children = (
				2794ABA329B8283A00254466 /* ReminderViewController.swift */,
				2794ABA629B829F200254466 /* ReminderViewController+Row.swift */,
				2794ABA929B8574800254466 /* ReminderViewController+Section.swift */,
				2794ABAB29B95F5100254466 /* ReminderViewController+CellConfiguration.swift */,
			);
			path = DetailViewController;
			sourceTree = "<group>";
		};
		2794ABAD29B963ED00254466 /* ContentViews */ = {
			isa = PBXGroup;
			children = (
				2794ABAE29B9642F00254466 /* UIView+PinnedSubView.swift */,
				2794ABB429B96C3600254466 /* TextViewContentView.swift */,
				2794ABB029B9663D00254466 /* TextFieldContentView.swift */,
				2794ABB629B96ED600254466 /* DatePickerContentView.swift */,
				2794ABB229B967B400254466 /* UIContentConfiguration+Stateless.swift */,
			);
			path = ContentViews;
			sourceTree = "<group>";
		};
/* End PBXGroup section */

/* Begin PBXNativeTarget section */
		277CBE9C29B6B8A800AC1200 /* Today */ = {
			isa = PBXNativeTarget;
			buildConfigurationList = 277CBEB129B6B8A900AC1200 /* Build configuration list for PBXNativeTarget "Today" */;
			buildPhases = (
				277CBE9929B6B8A800AC1200 /* Sources */,
				277CBE9A29B6B8A800AC1200 /* Frameworks */,
				277CBE9B29B6B8A800AC1200 /* Resources */,
			);
			buildRules = (
			);
			dependencies = (
			);
			name = Today;
			productName = Today;
			productReference = 277CBE9D29B6B8A800AC1200 /* Today.app */;
			productType = "com.apple.product-type.application";
		};
/* End PBXNativeTarget section */

/* Begin PBXProject section */
		277CBE9529B6B8A800AC1200 /* Project object */ = {
			isa = PBXProject;
			attributes = {
				BuildIndependentTargetsInParallel = 1;
				LastSwiftUpdateCheck = 1420;
				LastUpgradeCheck = 1420;
				TargetAttributes = {
					277CBE9C29B6B8A800AC1200 = {
						CreatedOnToolsVersion = 14.2;
					};
				};
			};
			buildConfigurationList = 277CBE9829B6B8A800AC1200 /* Build configuration list for PBXProject "Today" */;
			compatibilityVersion = "Xcode 14.0";
			developmentRegion = en;
			hasScannedForEncodings = 0;
			knownRegions = (
				en,
				Base,
			);
			mainGroup = 277CBE9429B6B8A800AC1200;
			productRefGroup = 277CBE9E29B6B8A800AC1200 /* Products */;
			projectDirPath = "";
			projectRoot = "";
			targets = (
				277CBE9C29B6B8A800AC1200 /* Today */,
			);
		};
/* End PBXProject section */

/* Begin PBXResourcesBuildPhase section */
		277CBE9B29B6B8A800AC1200 /* Resources */ = {
			isa = PBXResourcesBuildPhase;
			buildActionMask = 2147483647;
			files = (
				277CBEAD29B6B8A900AC1200 /* LaunchScreen.storyboard in Resources */,
				277CBEAA29B6B8A900AC1200 /* Assets.xcassets in Resources */,
				277CBEA829B6B8A800AC1200 /* Main.storyboard in Resources */,
			);
			runOnlyForDeploymentPostprocessing = 0;
		};
/* End PBXResourcesBuildPhase section */

/* Begin PBXSourcesBuildPhase section */
		277CBE9929B6B8A800AC1200 /* Sources */ = {
			isa = PBXSourcesBuildPhase;
			buildActionMask = 2147483647;
			files = (
				2794ABBB29BAB7FB00254466 /* ProgressHeaderView.swift in Sources */,
				2794ABAA29B8574800254466 /* ReminderViewController+Section.swift in Sources */,
				277CBEBE29B6DA3400AC1200 /* UIColor+Today.swift in Sources */,
				2794ABB729B96ED600254466 /* DatePickerContentView.swift in Sources */,
				2794ABA229B80FA800254466 /* ReminderListViewController+Actions.swift in Sources */,
				2794ABA429B8283A00254466 /* ReminderViewController.swift in Sources */,
				278E435B29BAE7BC007AB869 /* TodayError.swift in Sources */,
				277CBEA529B6B8A800AC1200 /* ReminderListViewController.swift in Sources */,
				2794ABB929B9CDC900254466 /* ReminderListStyle.swift in Sources */,
				2794ABB329B967B400254466 /* UIContentConfiguration+Stateless.swift in Sources */,
				277CBEB829B6CB4200AC1200 /* Date+Today.swift in Sources */,
				2794ABAF29B9642F00254466 /* UIView+PinnedSubView.swift in Sources */,
				2794ABB129B9663D00254466 /* TextFieldContentView.swift in Sources */,
				2794ABB529B96C3600254466 /* TextViewContentView.swift in Sources */,
				2794ABA729B829F200254466 /* ReminderViewController+Row.swift in Sources */,
				277CBEC029B6F88900AC1200 /* ReminderDoneButton.swift in Sources */,
				277CBEA129B6B8A800AC1200 /* AppDelegate.swift in Sources */,
				2794ABAC29B95F5100254466 /* ReminderViewController+CellConfiguration.swift in Sources */,
				277CBEA329B6B8A800AC1200 /* SceneDelegate.swift in Sources */,
				278E435F29BAF43F007AB869 /* Reminder+EKReminder.swift in Sources */,
				278E435D29BAE838007AB869 /* EKEventStore+AsyncFetch.swift in Sources */,
				277CBEB629B6B9E500AC1200 /* Reminder.swift in Sources */,
				278E435929BAD222007AB869 /* CAGradientLayer+ListStyle.swift in Sources */,
				277CBEBB29B6CEA800AC1200 /* ReminderListViewController+DataSource.swift in Sources */,
				278E436129BAF512007AB869 /* ReminderStore.swift in Sources */,
			);
			runOnlyForDeploymentPostprocessing = 0;
		};
/* End PBXSourcesBuildPhase section */

/* Begin PBXVariantGroup section */
		277CBEA629B6B8A800AC1200 /* Main.storyboard */ = {
			isa = PBXVariantGroup;
			children = (
				277CBEA729B6B8A800AC1200 /* Base */,
			);
			name = Main.storyboard;
			sourceTree = "<group>";
		};
		277CBEAB29B6B8A900AC1200 /* LaunchScreen.storyboard */ = {
			isa = PBXVariantGroup;
			children = (
				277CBEAC29B6B8A900AC1200 /* Base */,
			);
			name = LaunchScreen.storyboard;
			sourceTree = "<group>";
		};
/* End PBXVariantGroup section */

/* Begin XCBuildConfiguration section */
		277CBEAF29B6B8A900AC1200 /* Debug */ = {
			isa = XCBuildConfiguration;
			buildSettings = {
				ALWAYS_SEARCH_USER_PATHS = NO;
				CLANG_ANALYZER_NONNULL = YES;
				CLANG_ANALYZER_NUMBER_OBJECT_CONVERSION = YES_AGGRESSIVE;
				CLANG_CXX_LANGUAGE_STANDARD = "gnu++20";
				CLANG_ENABLE_MODULES = YES;
				CLANG_ENABLE_OBJC_ARC = YES;
				CLANG_ENABLE_OBJC_WEAK = YES;
				CLANG_WARN_BLOCK_CAPTURE_AUTORELEASING = YES;
				CLANG_WARN_BOOL_CONVERSION = YES;
				CLANG_WARN_COMMA = YES;
				CLANG_WARN_CONSTANT_CONVERSION = YES;
				CLANG_WARN_DEPRECATED_OBJC_IMPLEMENTATIONS = YES;
				CLANG_WARN_DIRECT_OBJC_ISA_USAGE = YES_ERROR;
				CLANG_WARN_DOCUMENTATION_COMMENTS = YES;
				CLANG_WARN_EMPTY_BODY = YES;
				CLANG_WARN_ENUM_CONVERSION = YES;
				CLANG_WARN_INFINITE_RECURSION = YES;
				CLANG_WARN_INT_CONVERSION = YES;
				CLANG_WARN_NON_LITERAL_NULL_CONVERSION = YES;
				CLANG_WARN_OBJC_IMPLICIT_RETAIN_SELF = YES;
				CLANG_WARN_OBJC_LITERAL_CONVERSION = YES;
				CLANG_WARN_OBJC_ROOT_CLASS = YES_ERROR;
				CLANG_WARN_QUOTED_INCLUDE_IN_FRAMEWORK_HEADER = YES;
				CLANG_WARN_RANGE_LOOP_ANALYSIS = YES;
				CLANG_WARN_STRICT_PROTOTYPES = YES;
				CLANG_WARN_SUSPICIOUS_MOVE = YES;
				CLANG_WARN_UNGUARDED_AVAILABILITY = YES_AGGRESSIVE;
				CLANG_WARN_UNREACHABLE_CODE = YES;
				CLANG_WARN__DUPLICATE_METHOD_MATCH = YES;
				COPY_PHASE_STRIP = NO;
				DEBUG_INFORMATION_FORMAT = dwarf;
				ENABLE_STRICT_OBJC_MSGSEND = YES;
				ENABLE_TESTABILITY = YES;
				GCC_C_LANGUAGE_STANDARD = gnu11;
				GCC_DYNAMIC_NO_PIC = NO;
				GCC_NO_COMMON_BLOCKS = YES;
				GCC_OPTIMIZATION_LEVEL = 0;
				GCC_PREPROCESSOR_DEFINITIONS = (
					"DEBUG=1",
					"$(inherited)",
				);
				GCC_WARN_64_TO_32_BIT_CONVERSION = YES;
				GCC_WARN_ABOUT_RETURN_TYPE = YES_ERROR;
				GCC_WARN_UNDECLARED_SELECTOR = YES;
				GCC_WARN_UNINITIALIZED_AUTOS = YES_AGGRESSIVE;
				GCC_WARN_UNUSED_FUNCTION = YES;
				GCC_WARN_UNUSED_VARIABLE = YES;
				IPHONEOS_DEPLOYMENT_TARGET = 16.0;
				MTL_ENABLE_DEBUG_INFO = INCLUDE_SOURCE;
				MTL_FAST_MATH = YES;
				ONLY_ACTIVE_ARCH = YES;
				SDKROOT = iphoneos;
				SWIFT_ACTIVE_COMPILATION_CONDITIONS = DEBUG;
				SWIFT_OPTIMIZATION_LEVEL = "-Onone";
			};
			name = Debug;
		};
		277CBEB029B6B8A900AC1200 /* Release */ = {
			isa = XCBuildConfiguration;
			buildSettings = {
				ALWAYS_SEARCH_USER_PATHS = NO;
				CLANG_ANALYZER_NONNULL = YES;
				CLANG_ANALYZER_NUMBER_OBJECT_CONVERSION = YES_AGGRESSIVE;
				CLANG_CXX_LANGUAGE_STANDARD = "gnu++20";
				CLANG_ENABLE_MODULES = YES;
				CLANG_ENABLE_OBJC_ARC = YES;
				CLANG_ENABLE_OBJC_WEAK = YES;
				CLANG_WARN_BLOCK_CAPTURE_AUTORELEASING = YES;
				CLANG_WARN_BOOL_CONVERSION = YES;
				CLANG_WARN_COMMA = YES;
				CLANG_WARN_CONSTANT_CONVERSION = YES;
				CLANG_WARN_DEPRECATED_OBJC_IMPLEMENTATIONS = YES;
				CLANG_WARN_DIRECT_OBJC_ISA_USAGE = YES_ERROR;
				CLANG_WARN_DOCUMENTATION_COMMENTS = YES;
				CLANG_WARN_EMPTY_BODY = YES;
				CLANG_WARN_ENUM_CONVERSION = YES;
				CLANG_WARN_INFINITE_RECURSION = YES;
				CLANG_WARN_INT_CONVERSION = YES;
				CLANG_WARN_NON_LITERAL_NULL_CONVERSION = YES;
				CLANG_WARN_OBJC_IMPLICIT_RETAIN_SELF = YES;
				CLANG_WARN_OBJC_LITERAL_CONVERSION = YES;
				CLANG_WARN_OBJC_ROOT_CLASS = YES_ERROR;
				CLANG_WARN_QUOTED_INCLUDE_IN_FRAMEWORK_HEADER = YES;
				CLANG_WARN_RANGE_LOOP_ANALYSIS = YES;
				CLANG_WARN_STRICT_PROTOTYPES = YES;
				CLANG_WARN_SUSPICIOUS_MOVE = YES;
				CLANG_WARN_UNGUARDED_AVAILABILITY = YES_AGGRESSIVE;
				CLANG_WARN_UNREACHABLE_CODE = YES;
				CLANG_WARN__DUPLICATE_METHOD_MATCH = YES;
				COPY_PHASE_STRIP = NO;
				DEBUG_INFORMATION_FORMAT = "dwarf-with-dsym";
				ENABLE_NS_ASSERTIONS = NO;
				ENABLE_STRICT_OBJC_MSGSEND = YES;
				GCC_C_LANGUAGE_STANDARD = gnu11;
				GCC_NO_COMMON_BLOCKS = YES;
				GCC_WARN_64_TO_32_BIT_CONVERSION = YES;
				GCC_WARN_ABOUT_RETURN_TYPE = YES_ERROR;
				GCC_WARN_UNDECLARED_SELECTOR = YES;
				GCC_WARN_UNINITIALIZED_AUTOS = YES_AGGRESSIVE;
				GCC_WARN_UNUSED_FUNCTION = YES;
				GCC_WARN_UNUSED_VARIABLE = YES;
				IPHONEOS_DEPLOYMENT_TARGET = 16.0;
				MTL_ENABLE_DEBUG_INFO = NO;
				MTL_FAST_MATH = YES;
				SDKROOT = iphoneos;
				SWIFT_COMPILATION_MODE = wholemodule;
				SWIFT_OPTIMIZATION_LEVEL = "-O";
				VALIDATE_PRODUCT = YES;
			};
			name = Release;
		};
		277CBEB229B6B8A900AC1200 /* Debug */ = {
			isa = XCBuildConfiguration;
			buildSettings = {
				ASSETCATALOG_COMPILER_APPICON_NAME = AppIcon;
				ASSETCATALOG_COMPILER_GLOBAL_ACCENT_COLOR_NAME = AccentColor;
				CODE_SIGN_IDENTITY = "Apple Development";
				CODE_SIGN_STYLE = Manual;
				CURRENT_PROJECT_VERSION = 1;
				DEVELOPMENT_TEAM = "";
				GENERATE_INFOPLIST_FILE = YES;
				INFOPLIST_FILE = Today/Info.plist;
				INFOPLIST_KEY_NSRemindersUsageDescription = "Your reminders can help you stay on track.";
				INFOPLIST_KEY_UIApplicationSupportsIndirectInputEvents = YES;
				INFOPLIST_KEY_UILaunchStoryboardName = LaunchScreen;
				INFOPLIST_KEY_UIMainStoryboardFile = Main;
				INFOPLIST_KEY_UISupportedInterfaceOrientations_iPad = "UIInterfaceOrientationPortrait UIInterfaceOrientationPortraitUpsideDown UIInterfaceOrientationLandscapeLeft UIInterfaceOrientationLandscapeRight";
				INFOPLIST_KEY_UISupportedInterfaceOrientations_iPhone = "UIInterfaceOrientationPortrait UIInterfaceOrientationLandscapeLeft UIInterfaceOrientationLandscapeRight";
				IPHONEOS_DEPLOYMENT_TARGET = 16.0;
				LD_RUNPATH_SEARCH_PATHS = (
					"$(inherited)",
					"@executable_path/Frameworks",
				);
				MARKETING_VERSION = 1.0;
				PRODUCT_BUNDLE_IDENTIFIER = "changhyun-kyle.Today";
				PRODUCT_NAME = "$(TARGET_NAME)";
				PROVISIONING_PROFILE_SPECIFIER = "";
				SWIFT_EMIT_LOC_STRINGS = YES;
				SWIFT_VERSION = 5.0;
				TARGETED_DEVICE_FAMILY = "1,2";
			};
			name = Debug;
		};
		277CBEB329B6B8A900AC1200 /* Release */ = {
			isa = XCBuildConfiguration;
			buildSettings = {
				ASSETCATALOG_COMPILER_APPICON_NAME = AppIcon;
				ASSETCATALOG_COMPILER_GLOBAL_ACCENT_COLOR_NAME = AccentColor;
				CODE_SIGN_IDENTITY = "Apple Development";
				CODE_SIGN_STYLE = Manual;
				CURRENT_PROJECT_VERSION = 1;
				DEVELOPMENT_TEAM = "";
				GENERATE_INFOPLIST_FILE = YES;
				INFOPLIST_FILE = Today/Info.plist;
				INFOPLIST_KEY_NSRemindersUsageDescription = "Your reminders can help you stay on track.";
				INFOPLIST_KEY_UIApplicationSupportsIndirectInputEvents = YES;
				INFOPLIST_KEY_UILaunchStoryboardName = LaunchScreen;
				INFOPLIST_KEY_UIMainStoryboardFile = Main;
				INFOPLIST_KEY_UISupportedInterfaceOrientations_iPad = "UIInterfaceOrientationPortrait UIInterfaceOrientationPortraitUpsideDown UIInterfaceOrientationLandscapeLeft UIInterfaceOrientationLandscapeRight";
				INFOPLIST_KEY_UISupportedInterfaceOrientations_iPhone = "UIInterfaceOrientationPortrait UIInterfaceOrientationLandscapeLeft UIInterfaceOrientationLandscapeRight";
				IPHONEOS_DEPLOYMENT_TARGET = 16.0;
				LD_RUNPATH_SEARCH_PATHS = (
					"$(inherited)",
					"@executable_path/Frameworks",
				);
				MARKETING_VERSION = 1.0;
				PRODUCT_BUNDLE_IDENTIFIER = "changhyun-kyle.Today";
				PRODUCT_NAME = "$(TARGET_NAME)";
				PROVISIONING_PROFILE_SPECIFIER = "";
				SWIFT_EMIT_LOC_STRINGS = YES;
				SWIFT_VERSION = 5.0;
				TARGETED_DEVICE_FAMILY = "1,2";
			};
			name = Release;
		};
/* End XCBuildConfiguration section */

/* Begin XCConfigurationList section */
		277CBE9829B6B8A800AC1200 /* Build configuration list for PBXProject "Today" */ = {
			isa = XCConfigurationList;
			buildConfigurations = (
				277CBEAF29B6B8A900AC1200 /* Debug */,
				277CBEB029B6B8A900AC1200 /* Release */,
			);
			defaultConfigurationIsVisible = 0;
			defaultConfigurationName = Release;
		};
		277CBEB129B6B8A900AC1200 /* Build configuration list for PBXNativeTarget "Today" */ = {
			isa = XCConfigurationList;
			buildConfigurations = (
				277CBEB229B6B8A900AC1200 /* Debug */,
				277CBEB329B6B8A900AC1200 /* Release */,
			);
			defaultConfigurationIsVisible = 0;
			defaultConfigurationName = Release;
		};
/* End XCConfigurationList section */
	};
	rootObject = 277CBE9529B6B8A800AC1200 /* Project object */;
}
